
Microsoft Visual Studio Solution File, Format Version 12.00
# Visual Studio Version 16
VisualStudioVersion = 16.0.30204.135
MinimumVisualStudioVersion = 10.0.40219.1
Project("{FAE04EC0-301F-11D3-BF4B-00C04F79EFBC}") = "SIA_MOVIL", "SIA_MOVIL\SIA_MOVIL.csproj", "{B4CB946F-8547-4142-8F9F-D88CD5789341}"
	ProjectSection(ProjectDependencies) = postProject
		{99F28EC2-8399-4A58-9664-8708B8A11F47} = {99F28EC2-8399-4A58-9664-8708B8A11F47}
	EndProjectSection
EndProject
Project("{FAE04EC0-301F-11D3-BF4B-00C04F79EFBC}") = "SIA_MOVIL_MODELO", "SIA_MOVIL_MODELO\SIA_MOVIL_MODELO.csproj", "{99F28EC2-8399-4A58-9664-8708B8A11F47}"
EndProject
Project("{FAE04EC0-301F-11D3-BF4B-00C04F79EFBC}") = "SIA_MOVIL_WEBAPI", "SIA_MOVIL_WEBAPI\SIA_MOVIL_WEBAPI.csproj", "{594BAEDF-8B6E-4A94-B45B-55F81C13C4E3}"
EndProject
Project("{FAE04EC0-301F-11D3-BF4B-00C04F79EFBC}") = "RSAJWT", "RSA_JWT\RSAJWT.csproj", "{1FDA1F17-AA94-4114-B96D-335750684B95}"
EndProject
Global
	GlobalSection(SolutionConfigurationPlatforms) = preSolution
		Debug|Any CPU = Debug|Any CPU
		Release|Any CPU = Release|Any CPU
	EndGlobalSection
	GlobalSection(ProjectConfigurationPlatforms) = postSolution
		{B4CB946F-8547-4142-8F9F-D88CD5789341}.Debug|Any CPU.ActiveCfg = Debug|Any CPU
		{B4CB946F-8547-4142-8F9F-D88CD5789341}.Debug|Any CPU.Build.0 = Debug|Any CPU
		{B4CB946F-8547-4142-8F9F-D88CD5789341}.Release|Any CPU.ActiveCfg = Release|Any CPU
		{B4CB946F-8547-4142-8F9F-D88CD5789341}.Release|Any CPU.Build.0 = Release|Any CPU
		{99F28EC2-8399-4A58-9664-8708B8A11F47}.Debug|Any CPU.ActiveCfg = Debug|Any CPU
		{99F28EC2-8399-4A58-9664-8708B8A11F47}.Debug|Any CPU.Build.0 = Debug|Any CPU
		{99F28EC2-8399-4A58-9664-8708B8A11F47}.Release|Any CPU.ActiveCfg = Release|Any CPU
		{99F28EC2-8399-4A58-9664-8708B8A11F47}.Release|Any CPU.Build.0 = Release|Any CPU
		{594BAEDF-8B6E-4A94-B45B-55F81C13C4E3}.Debug|Any CPU.ActiveCfg = Debug|Any CPU
		{594BAEDF-8B6E-4A94-B45B-55F81C13C4E3}.Debug|Any CPU.Build.0 = Debug|Any CPU
		{594BAEDF-8B6E-4A94-B45B-55F81C13C4E3}.Release|Any CPU.ActiveCfg = Release|Any CPU
		{594BAEDF-8B6E-4A94-B45B-55F81C13C4E3}.Release|Any CPU.Build.0 = Release|Any CPU
		{1FDA1F17-AA94-4114-B96D-335750684B95}.Debug|Any CPU.ActiveCfg = Debug|Any CPU
		{1FDA1F17-AA94-4114-B96D-335750684B95}.Debug|Any CPU.Build.0 = Debug|Any CPU
		{1FDA1F17-AA94-4114-B96D-335750684B95}.Release|Any CPU.ActiveCfg = Release|Any CPU
		{1FDA1F17-AA94-4114-B96D-335750684B95}.Release|Any CPU.Build.0 = Release|Any CPU
	EndGlobalSection
	GlobalSection(SolutionProperties) = preSolution
		HideSolutionNode = FALSE
	EndGlobalSection
	GlobalSection(ExtensibilityGlobals) = postSolution
		SolutionGuid = {7436C828-9280-4293-B8B7-8037189C4EC9}
	EndGlobalSection
EndGlobal
